
Microsoft Visual Studio Solution File, Format Version 12.00
# Visual Studio Version 17
VisualStudioVersion = 17.8.34316.72
MinimumVisualStudioVersion = 10.0.40219.1
Project("{9A19103F-16F7-4668-BE54-9A1E7A4F7556}") = "TaskManagerMajorka", "TaskManagerMajorka.csproj", "{5C96D2E0-FEB1-4538-89F6-23DFD1FA0B44}"
EndProject
Project("{9A19103F-16F7-4668-BE54-9A1E7A4F7556}") = "Application", "..\Application\Application.csproj", "{730208D9-1F35-41BF-BC7F-625ED02033D4}"
EndProject
Project("{9A19103F-16F7-4668-BE54-9A1E7A4F7556}") = "DomainTests", "..\DomainTests\DomainTests.csproj", "{C55D1774-48D2-4F1F-9CCD-F94297652F47}"
EndProject
Project("{9A19103F-16F7-4668-BE54-9A1E7A4F7556}") = "Domain", "..\Domain\Domain.csproj", "{6359F8E7-BA65-4045-8F43-E916F5AE54CB}"
EndProject
Project("{9A19103F-16F7-4668-BE54-9A1E7A4F7556}") = "WebApi", "..\WebApi\WebApi.csproj", "{7F49A90E-5867-418E-9F4B-D4458CD985B5}"
EndProject
Project("{9A19103F-16F7-4668-BE54-9A1E7A4F7556}") = "Persistence", "..\Persistence\Persistence.csproj", "{349C1691-4529-4DFB-81F4-1C76317E292E}"
EndProject
Global
	GlobalSection(SolutionConfigurationPlatforms) = preSolution
		Debug|Any CPU = Debug|Any CPU
		Release|Any CPU = Release|Any CPU
	EndGlobalSection
	GlobalSection(ProjectConfigurationPlatforms) = postSolution
		{5C96D2E0-FEB1-4538-89F6-23DFD1FA0B44}.Debug|Any CPU.ActiveCfg = Debug|Any CPU
		{5C96D2E0-FEB1-4538-89F6-23DFD1FA0B44}.Debug|Any CPU.Build.0 = Debug|Any CPU
		{5C96D2E0-FEB1-4538-89F6-23DFD1FA0B44}.Release|Any CPU.ActiveCfg = Release|Any CPU
		{5C96D2E0-FEB1-4538-89F6-23DFD1FA0B44}.Release|Any CPU.Build.0 = Release|Any CPU
		{730208D9-1F35-41BF-BC7F-625ED02033D4}.Debug|Any CPU.ActiveCfg = Debug|Any CPU
		{730208D9-1F35-41BF-BC7F-625ED02033D4}.Debug|Any CPU.Build.0 = Debug|Any CPU
		{730208D9-1F35-41BF-BC7F-625ED02033D4}.Release|Any CPU.ActiveCfg = Release|Any CPU
		{730208D9-1F35-41BF-BC7F-625ED02033D4}.Release|Any CPU.Build.0 = Release|Any CPU
		{C55D1774-48D2-4F1F-9CCD-F94297652F47}.Debug|Any CPU.ActiveCfg = Debug|Any CPU
		{C55D1774-48D2-4F1F-9CCD-F94297652F47}.Debug|Any CPU.Build.0 = Debug|Any CPU
		{C55D1774-48D2-4F1F-9CCD-F94297652F47}.Release|Any CPU.ActiveCfg = Release|Any CPU
		{C55D1774-48D2-4F1F-9CCD-F94297652F47}.Release|Any CPU.Build.0 = Release|Any CPU
		{6359F8E7-BA65-4045-8F43-E916F5AE54CB}.Debug|Any CPU.ActiveCfg = Debug|Any CPU
		{6359F8E7-BA65-4045-8F43-E916F5AE54CB}.Debug|Any CPU.Build.0 = Debug|Any CPU
		{6359F8E7-BA65-4045-8F43-E916F5AE54CB}.Release|Any CPU.ActiveCfg = Release|Any CPU
		{6359F8E7-BA65-4045-8F43-E916F5AE54CB}.Release|Any CPU.Build.0 = Release|Any CPU
		{7F49A90E-5867-418E-9F4B-D4458CD985B5}.Debug|Any CPU.ActiveCfg = Debug|Any CPU
		{7F49A90E-5867-418E-9F4B-D4458CD985B5}.Debug|Any CPU.Build.0 = Debug|Any CPU
		{7F49A90E-5867-418E-9F4B-D4458CD985B5}.Release|Any CPU.ActiveCfg = Release|Any CPU
		{7F49A90E-5867-418E-9F4B-D4458CD985B5}.Release|Any CPU.Build.0 = Release|Any CPU
		{349C1691-4529-4DFB-81F4-1C76317E292E}.Debug|Any CPU.ActiveCfg = Debug|Any CPU
		{349C1691-4529-4DFB-81F4-1C76317E292E}.Debug|Any CPU.Build.0 = Debug|Any CPU
		{349C1691-4529-4DFB-81F4-1C76317E292E}.Release|Any CPU.ActiveCfg = Release|Any CPU
		{349C1691-4529-4DFB-81F4-1C76317E292E}.Release|Any CPU.Build.0 = Release|Any CPU
	EndGlobalSection
	GlobalSection(SolutionProperties) = preSolution
		HideSolutionNode = FALSE
	EndGlobalSection
	GlobalSection(ExtensibilityGlobals) = postSolution
		SolutionGuid = {7A6BD244-B981-446A-BC48-50B7ACA35B91}
	EndGlobalSection
EndGlobal
